
Microsoft Visual Studio Solution File, Format Version 12.00
# Visual Studio 15
Project("{FAE04EC0-301F-11D3-BF4B-00C04F79EFBC}") = "AAE-Metabot-Level-0", "AAE-Metabot-Level-0\AAE-Metabot-Level-0.csproj", "{84FA3FDA-41C7-45A6-B8FE-E7D40D74B492}"
EndProject
Global
	GlobalSection(SolutionConfigurationPlatforms) = preSolution
		Debug|Any CPU = Debug|Any CPU
		Release|Any CPU = Release|Any CPU
	EndGlobalSection
	GlobalSection(ProjectConfigurationPlatforms) = postSolution
		{84FA3FDA-41C7-45A6-B8FE-E7D40D74B492}.Debug|Any CPU.ActiveCfg = Debug|Any CPU
		{84FA3FDA-41C7-45A6-B8FE-E7D40D74B492}.Debug|Any CPU.Build.0 = Debug|Any CPU
		{84FA3FDA-41C7-45A6-B8FE-E7D40D74B492}.Release|Any CPU.ActiveCfg = Release|Any CPU
		{84FA3FDA-41C7-45A6-B8FE-E7D40D74B492}.Release|Any CPU.Build.0 = Release|Any CPU
	EndGlobalSection
EndGlobal
